# THIS IS AN AUTOGENERATED FILE. DO NOT EDIT THIS FILE DIRECTLY.
# yarn lockfile v1


"cbor@^8.1.0":
  "integrity" "sha512-DwGjNW9omn6EwP70aXsn7FQJx5kO12tX0bZkaTjzdVFM6/7nhA4t0EENocKGx6D2Bch9PE2KzCUf5SceBdeijg=="
  "resolved" "https://registry.npmjs.org/cbor/-/cbor-8.1.0.tgz"
  "version" "8.1.0"
  dependencies:
    "nofilter" "^3.1.0"

"nofilter@^3.1.0":
  "integrity" "sha512-l2NNj07e9afPnhAhvgVrCD/oy2Ai1yfLpuo3EpiO1jFTsB4sFz6oIfAfSZyQzVpkZQ9xS8ZS5g1jCBgq4Hwo0g=="
  "resolved" "https://registry.npmjs.org/nofilter/-/nofilter-3.1.0.tgz"
  "version" "3.1.0"

"pako@^2.0.4":
  "integrity" "sha512-v8tweI900AUkZN6heMU/4Uy4cXRc2AYNRggVmTR+dEncawDJgCdLMximOVA2p4qO57WMynangsfGRb5WD6L1Bg=="
  "resolved" "https://registry.npmjs.org/pako/-/pako-2.0.4.tgz"
  "version" "2.0.4"

"qrious@^4.0.2":
  "integrity" "sha512-xWPJIrK1zu5Ypn898fBp8RHkT/9ibquV2Kv24S/JY9VYEhMBMKur1gHVsOiNUh7PHP9uCgejjpZUHUIXXKoU/g=="
  "resolved" "https://registry.npmjs.org/qrious/-/qrious-4.0.2.tgz"
  "version" "4.0.2"
